
Microsoft Visual Studio Solution File, Format Version 12.00
# Visual Studio Version 16
VisualStudioVersion = 16.0.30114.105
MinimumVisualStudioVersion = 10.0.40219.1
Project("{FAE04EC0-301F-11D3-BF4B-00C04F79EFBC}") = "RecipesManager", "RecipesManager.csproj", "{CF8D665F-215A-4492-8D8F-4ACABD013D94}"
EndProject
Project("{FAE04EC0-301F-11D3-BF4B-00C04F79EFBC}") = "RecipesManagerTests", "..\RecipesManagerTests\RecipesManagerTests.csproj", "{C805C2EF-89D3-4DE4-8F56-34519655C6F8}"
EndProject
Project("{FAE04EC0-301F-11D3-BF4B-00C04F79EFBC}") = "RecipesData", "..\RecipesData\RecipesData.csproj", "{7CE38FAE-CA95-468F-ADC0-17735A747ECE}"
EndProject
Project("{2150E333-8FDC-42A3-9474-1A3956D46DE8}") = "Solution Items", "Solution Items", "{D3FA27EC-A9E3-4750-8C81-19F8EE8B72E6}"
	ProjectSection(SolutionItems) = preProject
		.editorconfig = .editorconfig
	EndProjectSection
EndProject
Global
	GlobalSection(SolutionConfigurationPlatforms) = preSolution
		Debug|Any CPU = Debug|Any CPU
		Release|Any CPU = Release|Any CPU
	EndGlobalSection
	GlobalSection(ProjectConfigurationPlatforms) = postSolution
		{CF8D665F-215A-4492-8D8F-4ACABD013D94}.Debug|Any CPU.ActiveCfg = Debug|Any CPU
		{CF8D665F-215A-4492-8D8F-4ACABD013D94}.Debug|Any CPU.Build.0 = Debug|Any CPU
		{CF8D665F-215A-4492-8D8F-4ACABD013D94}.Release|Any CPU.ActiveCfg = Release|Any CPU
		{CF8D665F-215A-4492-8D8F-4ACABD013D94}.Release|Any CPU.Build.0 = Release|Any CPU
		{C805C2EF-89D3-4DE4-8F56-34519655C6F8}.Debug|Any CPU.ActiveCfg = Debug|Any CPU
		{C805C2EF-89D3-4DE4-8F56-34519655C6F8}.Debug|Any CPU.Build.0 = Debug|Any CPU
		{C805C2EF-89D3-4DE4-8F56-34519655C6F8}.Release|Any CPU.ActiveCfg = Release|Any CPU
		{C805C2EF-89D3-4DE4-8F56-34519655C6F8}.Release|Any CPU.Build.0 = Release|Any CPU
		{7CE38FAE-CA95-468F-ADC0-17735A747ECE}.Debug|Any CPU.ActiveCfg = Debug|Any CPU
		{7CE38FAE-CA95-468F-ADC0-17735A747ECE}.Debug|Any CPU.Build.0 = Debug|Any CPU
		{7CE38FAE-CA95-468F-ADC0-17735A747ECE}.Release|Any CPU.ActiveCfg = Release|Any CPU
		{7CE38FAE-CA95-468F-ADC0-17735A747ECE}.Release|Any CPU.Build.0 = Release|Any CPU
	EndGlobalSection
	GlobalSection(SolutionProperties) = preSolution
		HideSolutionNode = FALSE
	EndGlobalSection
	GlobalSection(ExtensibilityGlobals) = postSolution
		SolutionGuid = {89C18C14-48AC-4B04-9F5E-DACB01CA261B}
	EndGlobalSection
EndGlobal
